
Microsoft Visual Studio Solution File, Format Version 12.00
# Visual Studio 2012
Project("{E24C65DC-7377-472B-9ABA-BC803B73C61A}") = "OnlineMapTourism", "http://localhost:10908", "{2B4B1B99-F140-4398-AD24-2B326E4144A4}"
	ProjectSection(WebsiteProperties) = preProject
		UseIISExpress = "true"
		TargetFrameworkMoniker = ".NETFramework,Version%3Dv4.5"
		Debug.AspNetCompiler.VirtualPath = "/localhost_10908"
		Debug.AspNetCompiler.PhysicalPath = "OnlineMapTourism\"
		Debug.AspNetCompiler.TargetPath = "PrecompiledWeb\localhost_10908\"
		Debug.AspNetCompiler.Updateable = "true"
		Debug.AspNetCompiler.ForceOverwrite = "true"
		Debug.AspNetCompiler.FixedNames = "false"
		Debug.AspNetCompiler.Debug = "True"
		Release.AspNetCompiler.VirtualPath = "/localhost_10908"
		Release.AspNetCompiler.PhysicalPath = "OnlineMapTourism\"
		Release.AspNetCompiler.TargetPath = "PrecompiledWeb\localhost_10908\"
		Release.AspNetCompiler.Updateable = "true"
		Release.AspNetCompiler.ForceOverwrite = "true"
		Release.AspNetCompiler.FixedNames = "false"
		Release.AspNetCompiler.Debug = "False"
		SlnRelativePath = "OnlineMapTourism\"
		DefaultWebSiteLanguage = "Visual C#"
	EndProjectSection
EndProject
Project("{E24C65DC-7377-472B-9ABA-BC803B73C61A}") = "GooglePlusTube", "http://localhost:37382", "{8C41B68F-3F44-484C-B3EF-C54D2520590B}"
	ProjectSection(WebsiteProperties) = preProject
		UseIISExpress = "true"
		TargetFrameworkMoniker = ".NETFramework,Version%3Dv4.5"
		Debug.AspNetCompiler.VirtualPath = "/localhost_37382"
		Debug.AspNetCompiler.PhysicalPath = "GooglePlusTube\"
		Debug.AspNetCompiler.TargetPath = "PrecompiledWeb\localhost_37382\"
		Debug.AspNetCompiler.Updateable = "true"
		Debug.AspNetCompiler.ForceOverwrite = "true"
		Debug.AspNetCompiler.FixedNames = "false"
		Debug.AspNetCompiler.Debug = "True"
		Release.AspNetCompiler.VirtualPath = "/localhost_37382"
		Release.AspNetCompiler.PhysicalPath = "GooglePlusTube\"
		Release.AspNetCompiler.TargetPath = "PrecompiledWeb\localhost_37382\"
		Release.AspNetCompiler.Updateable = "true"
		Release.AspNetCompiler.ForceOverwrite = "true"
		Release.AspNetCompiler.FixedNames = "false"
		Release.AspNetCompiler.Debug = "False"
		SlnRelativePath = "GooglePlusTube\"
		DefaultWebSiteLanguage = "Visual C#"
	EndProjectSection
EndProject
Project("{E24C65DC-7377-472B-9ABA-BC803B73C61A}") = "FacebookAPI", "http://localhost:3317", "{84599164-2B93-416F-A171-D337D0B31E13}"
	ProjectSection(WebsiteProperties) = preProject
		UseIISExpress = "true"
		TargetFrameworkMoniker = ".NETFramework,Version%3Dv4.5"
		Debug.AspNetCompiler.VirtualPath = "/localhost_3317"
		Debug.AspNetCompiler.PhysicalPath = "FacebookAPI\"
		Debug.AspNetCompiler.TargetPath = "PrecompiledWeb\localhost_3317\"
		Debug.AspNetCompiler.Updateable = "true"
		Debug.AspNetCompiler.ForceOverwrite = "true"
		Debug.AspNetCompiler.FixedNames = "false"
		Debug.AspNetCompiler.Debug = "True"
		Release.AspNetCompiler.VirtualPath = "/localhost_3317"
		Release.AspNetCompiler.PhysicalPath = "FacebookAPI\"
		Release.AspNetCompiler.TargetPath = "PrecompiledWeb\localhost_3317\"
		Release.AspNetCompiler.Updateable = "true"
		Release.AspNetCompiler.ForceOverwrite = "true"
		Release.AspNetCompiler.FixedNames = "false"
		Release.AspNetCompiler.Debug = "False"
		SlnRelativePath = "FacebookAPI\"
		DefaultWebSiteLanguage = "Visual C#"
	EndProjectSection
EndProject
Global
	GlobalSection(SolutionConfigurationPlatforms) = preSolution
		Debug|Any CPU = Debug|Any CPU
	EndGlobalSection
	GlobalSection(ProjectConfigurationPlatforms) = postSolution
		{2B4B1B99-F140-4398-AD24-2B326E4144A4}.Debug|Any CPU.ActiveCfg = Debug|Any CPU
		{2B4B1B99-F140-4398-AD24-2B326E4144A4}.Debug|Any CPU.Build.0 = Debug|Any CPU
		{8C41B68F-3F44-484C-B3EF-C54D2520590B}.Debug|Any CPU.ActiveCfg = Debug|Any CPU
		{8C41B68F-3F44-484C-B3EF-C54D2520590B}.Debug|Any CPU.Build.0 = Debug|Any CPU
		{84599164-2B93-416F-A171-D337D0B31E13}.Debug|Any CPU.ActiveCfg = Debug|Any CPU
		{84599164-2B93-416F-A171-D337D0B31E13}.Debug|Any CPU.Build.0 = Debug|Any CPU
	EndGlobalSection
	GlobalSection(SolutionProperties) = preSolution
		HideSolutionNode = FALSE
	EndGlobalSection
EndGlobal
