
Microsoft Visual Studio Solution File, Format Version 12.00
# Visual Studio 2012
Project("{E24C65DC-7377-472B-9ABA-BC803B73C61A}") = "snake-game", "snake-game\", "{00FC2868-F349-4477-92C7-C1815A865728}"
	ProjectSection(WebsiteProperties) = preProject
		TargetFrameworkMoniker = ".NETFramework,Version%3Dv4.0"
		Debug.AspNetCompiler.VirtualPath = "/snake-game"
		Debug.AspNetCompiler.PhysicalPath = "snake-game\"
		Debug.AspNetCompiler.TargetPath = "PrecompiledWeb\snake-game\"
		Debug.AspNetCompiler.Updateable = "true"
		Debug.AspNetCompiler.ForceOverwrite = "true"
		Debug.AspNetCompiler.FixedNames = "false"
		Debug.AspNetCompiler.Debug = "True"
		Release.AspNetCompiler.VirtualPath = "/snake-game"
		Release.AspNetCompiler.PhysicalPath = "snake-game\"
		Release.AspNetCompiler.TargetPath = "PrecompiledWeb\snake-game\"
		Release.AspNetCompiler.Updateable = "true"
		Release.AspNetCompiler.ForceOverwrite = "true"
		Release.AspNetCompiler.FixedNames = "false"
		Release.AspNetCompiler.Debug = "False"
		VWDPort = "59852"
	EndProjectSection
EndProject
Project("{E24C65DC-7377-472B-9ABA-BC803B73C61A}") = "snake-game-tests", "snake-game-tests\", "{2BD25EA5-7C3D-4379-AEEC-F09B4A4B36F9}"
	ProjectSection(WebsiteProperties) = preProject
		TargetFrameworkMoniker = ".NETFramework,Version%3Dv4.0"
		Debug.AspNetCompiler.VirtualPath = "/snake-game-tests"
		Debug.AspNetCompiler.PhysicalPath = "snake-game-tests\"
		Debug.AspNetCompiler.TargetPath = "PrecompiledWeb\snake-game-tests\"
		Debug.AspNetCompiler.Updateable = "true"
		Debug.AspNetCompiler.ForceOverwrite = "true"
		Debug.AspNetCompiler.FixedNames = "false"
		Debug.AspNetCompiler.Debug = "True"
		Release.AspNetCompiler.VirtualPath = "/snake-game-tests"
		Release.AspNetCompiler.PhysicalPath = "snake-game-tests\"
		Release.AspNetCompiler.TargetPath = "PrecompiledWeb\snake-game-tests\"
		Release.AspNetCompiler.Updateable = "true"
		Release.AspNetCompiler.ForceOverwrite = "true"
		Release.AspNetCompiler.FixedNames = "false"
		Release.AspNetCompiler.Debug = "False"
		VWDPort = "60165"
	EndProjectSection
EndProject
Global
	GlobalSection(SolutionConfigurationPlatforms) = preSolution
		Debug|Any CPU = Debug|Any CPU
	EndGlobalSection
	GlobalSection(ProjectConfigurationPlatforms) = postSolution
		{00FC2868-F349-4477-92C7-C1815A865728}.Debug|Any CPU.ActiveCfg = Debug|Any CPU
		{00FC2868-F349-4477-92C7-C1815A865728}.Debug|Any CPU.Build.0 = Debug|Any CPU
		{2BD25EA5-7C3D-4379-AEEC-F09B4A4B36F9}.Debug|Any CPU.ActiveCfg = Debug|Any CPU
		{2BD25EA5-7C3D-4379-AEEC-F09B4A4B36F9}.Debug|Any CPU.Build.0 = Debug|Any CPU
	EndGlobalSection
	GlobalSection(SolutionProperties) = preSolution
		HideSolutionNode = FALSE
	EndGlobalSection
EndGlobal
